
Microsoft Visual Studio Solution File, Format Version 12.00
Project("{FAE04EC0-301F-11D3-BF4B-00C04F79EFBC}") = "SelfRefFamNames", "SelfRefFamNames\SelfRefFamNames.csproj", "{8065C404-3D76-4A90-BF52-9A64D4675D44}"
EndProject
Global
	GlobalSection(SolutionConfigurationPlatforms) = preSolution
		Debug|Any CPU = Debug|Any CPU
		Release|Any CPU = Release|Any CPU
	EndGlobalSection
	GlobalSection(ProjectConfigurationPlatforms) = postSolution
		{8065C404-3D76-4A90-BF52-9A64D4675D44}.Debug|Any CPU.ActiveCfg = Debug|Any CPU
		{8065C404-3D76-4A90-BF52-9A64D4675D44}.Debug|Any CPU.Build.0 = Debug|Any CPU
		{8065C404-3D76-4A90-BF52-9A64D4675D44}.Release|Any CPU.ActiveCfg = Release|Any CPU
		{8065C404-3D76-4A90-BF52-9A64D4675D44}.Release|Any CPU.Build.0 = Release|Any CPU
	EndGlobalSection
EndGlobal
